{
  "name": "vg100-p1-breakout",
  "version": "1.0.0",
  "lockfileVersion": 1,
  "requires": true,
  "dependencies": {
    "material-icons": {
      "version": "0.3.1",
      "resolved": "https://registry.npm.taobao.org/material-icons/download/material-icons-0.3.1.tgz",
      "integrity": "sha1-Ql4G4kSGMtYknW4f/imTaCxbFx4="
    },
    "normalize.css": {
      "version": "8.0.1",
      "resolved": "https://registry.npm.taobao.org/normalize.css/download/normalize.css-8.0.1.tgz",
      "integrity": "sha1-m5iiCHOLnMJjTKrLxC0THJdIe/M="
    },
    "typeface-roboto": {
      "version": "0.0.75",
      "resolved": "https://registry.npm.taobao.org/typeface-roboto/download/typeface-roboto-0.0.75.tgz",
      "integrity": "sha1-mNW6NewjS7xxcjdMgpcncJnMcSs="
    }
  }
}
